
Microsoft Visual Studio Solution File, Format Version 12.00
# Visual Studio Version 17
VisualStudioVersion = 17.2.32630.192
MinimumVisualStudioVersion = 10.0.40219.1
Project("{9A19103F-16F7-4668-BE54-9A1E7A4F7556}") = "R5T.F0074", "R5T.F0074\R5T.F0074.csproj", "{94641C76-23B2-4393-93D2-695AF7984C0D}"
EndProject
Project("{2150E333-8FDC-42A3-9474-1A3956D46DE8}") = "_Dependencies", "_Dependencies", "{F5E98FB1-DD1F-46E4-872C-47AAA338766C}"
EndProject
Project("{9A19103F-16F7-4668-BE54-9A1E7A4F7556}") = "R5T.T0142", "..\..\R5T.T0142\source\R5T.T0142\R5T.T0142.csproj", "{DEBCFC85-318E-4891-AB1F-A9A2D4FDDF93}"
EndProject
Project("{9A19103F-16F7-4668-BE54-9A1E7A4F7556}") = "R5T.T0151", "..\..\R5T.T0151\source\R5T.T0151\R5T.T0151.csproj", "{6DFD6534-25F2-4B75-A26A-B5C352AE0E60}"
EndProject
Project("{9A19103F-16F7-4668-BE54-9A1E7A4F7556}") = "R5T.NG0013", "..\..\R5T.NG0013\source\R5T.NG0013\R5T.NG0013.csproj", "{663A1CB4-82AB-4B74-B6D8-CB9C3034A0D8}"
EndProject
Project("{9A19103F-16F7-4668-BE54-9A1E7A4F7556}") = "R5T.T0131", "..\..\R5T.T0131\source\R5T.T0131\R5T.T0131.csproj", "{3A812CEB-B6DE-4383-A072-347254F3065A}"
EndProject
Project("{9A19103F-16F7-4668-BE54-9A1E7A4F7556}") = "R5T.T0132", "..\..\R5T.T0132\source\R5T.T0132\R5T.T0132.csproj", "{F3D85DB3-AD71-46C8-B142-577974982E0C}"
EndProject
Project("{9A19103F-16F7-4668-BE54-9A1E7A4F7556}") = "R5T.F0000", "..\..\R5T.F0000\source\R5T.F0000\R5T.F0000.csproj", "{94FF0BC8-4BC0-4B7A-B8CB-83DB501062DE}"
EndProject
Project("{9A19103F-16F7-4668-BE54-9A1E7A4F7556}") = "R5T.T0146", "..\..\R5T.T0146\source\R5T.T0146\R5T.T0146.csproj", "{46A5FC14-ABCE-446A-83B5-A6D846DB621C}"
EndProject
Project("{9A19103F-16F7-4668-BE54-9A1E7A4F7556}") = "R5T.F0002", "..\..\R5T.F0002\source\R5T.F0002\R5T.F0002.csproj", "{1E8252CC-9C2D-4AD8-AFBF-BF08E590C103}"
EndProject
Project("{9A19103F-16F7-4668-BE54-9A1E7A4F7556}") = "R5T.F0032", "..\..\R5T.F0032\source\R5T.F0032\R5T.F0032.csproj", "{53F2109D-295D-4012-B845-EC6B9E8956A2}"
EndProject
Project("{9A19103F-16F7-4668-BE54-9A1E7A4F7556}") = "R5T.NG0008", "..\..\R5T.NG0008\source\R5T.NG0008\R5T.NG0008.csproj", "{4591C1D4-E294-471F-96B1-5223809C440E}"
EndProject
Project("{9A19103F-16F7-4668-BE54-9A1E7A4F7556}") = "R5T.T0143", "..\..\R5T.T0143\source\R5T.T0143\R5T.T0143.csproj", "{E6645ABF-86F2-4FC0-94E0-B4CAC6F964B1}"
EndProject
Project("{9A19103F-16F7-4668-BE54-9A1E7A4F7556}") = "R5T.T0150", "..\..\R5T.T0150\source\R5T.T0150\R5T.T0150.csproj", "{F449014F-41DE-448A-B9CF-47021CF035E1}"
EndProject
Project("{9A19103F-16F7-4668-BE54-9A1E7A4F7556}") = "R5T.Y0000", "..\..\R5T.Y0000\source\R5T.Y0000\R5T.Y0000.csproj", "{B58CACA1-74BD-44C8-8E4F-5FA32E0E791B}"
EndProject
Project("{9A19103F-16F7-4668-BE54-9A1E7A4F7556}") = "R5T.Z0000", "..\..\R5T.Z0000\source\R5T.Z0000\R5T.Z0000.csproj", "{C5540C50-D6F2-45C8-81C8-36AAC6D84E5B}"
EndProject
Global
	GlobalSection(NestedProjects) = preSolution
		{DEBCFC85-318E-4891-AB1F-A9A2D4FDDF93} = {F5E98FB1-DD1F-46E4-872C-47AAA338766C}
		{6DFD6534-25F2-4B75-A26A-B5C352AE0E60} = {F5E98FB1-DD1F-46E4-872C-47AAA338766C}
		{663A1CB4-82AB-4B74-B6D8-CB9C3034A0D8} = {F5E98FB1-DD1F-46E4-872C-47AAA338766C}
		{3A812CEB-B6DE-4383-A072-347254F3065A} = {F5E98FB1-DD1F-46E4-872C-47AAA338766C}
		{F3D85DB3-AD71-46C8-B142-577974982E0C} = {F5E98FB1-DD1F-46E4-872C-47AAA338766C}
		{94FF0BC8-4BC0-4B7A-B8CB-83DB501062DE} = {F5E98FB1-DD1F-46E4-872C-47AAA338766C}
		{46A5FC14-ABCE-446A-83B5-A6D846DB621C} = {F5E98FB1-DD1F-46E4-872C-47AAA338766C}
		{1E8252CC-9C2D-4AD8-AFBF-BF08E590C103} = {F5E98FB1-DD1F-46E4-872C-47AAA338766C}
		{53F2109D-295D-4012-B845-EC6B9E8956A2} = {F5E98FB1-DD1F-46E4-872C-47AAA338766C}
		{4591C1D4-E294-471F-96B1-5223809C440E} = {F5E98FB1-DD1F-46E4-872C-47AAA338766C}
		{E6645ABF-86F2-4FC0-94E0-B4CAC6F964B1} = {F5E98FB1-DD1F-46E4-872C-47AAA338766C}
		{F449014F-41DE-448A-B9CF-47021CF035E1} = {F5E98FB1-DD1F-46E4-872C-47AAA338766C}
		{B58CACA1-74BD-44C8-8E4F-5FA32E0E791B} = {F5E98FB1-DD1F-46E4-872C-47AAA338766C}
		{C5540C50-D6F2-45C8-81C8-36AAC6D84E5B} = {F5E98FB1-DD1F-46E4-872C-47AAA338766C}
	EndGlobalSection
	GlobalSection(SolutionConfigurationPlatforms) = preSolution
		Debug|Any CPU = Debug|Any CPU
		Release|Any CPU = Release|Any CPU
	EndGlobalSection
	GlobalSection(ProjectConfigurationPlatforms) = postSolution
		{94641C76-23B2-4393-93D2-695AF7984C0D}.Debug|Any CPU.ActiveCfg = Debug|Any CPU
		{94641C76-23B2-4393-93D2-695AF7984C0D}.Debug|Any CPU.Build.0 = Debug|Any CPU
		{94641C76-23B2-4393-93D2-695AF7984C0D}.Release|Any CPU.ActiveCfg = Release|Any CPU
		{94641C76-23B2-4393-93D2-695AF7984C0D}.Release|Any CPU.Build.0 = Release|Any CPU
		{DEBCFC85-318E-4891-AB1F-A9A2D4FDDF93}.Debug|Any CPU.ActiveCfg = Debug|Any CPU
		{DEBCFC85-318E-4891-AB1F-A9A2D4FDDF93}.Debug|Any CPU.Build.0 = Debug|Any CPU
		{DEBCFC85-318E-4891-AB1F-A9A2D4FDDF93}.Release|Any CPU.ActiveCfg = Release|Any CPU
		{DEBCFC85-318E-4891-AB1F-A9A2D4FDDF93}.Release|Any CPU.Build.0 = Release|Any CPU
		{6DFD6534-25F2-4B75-A26A-B5C352AE0E60}.Debug|Any CPU.ActiveCfg = Debug|Any CPU
		{6DFD6534-25F2-4B75-A26A-B5C352AE0E60}.Debug|Any CPU.Build.0 = Debug|Any CPU
		{6DFD6534-25F2-4B75-A26A-B5C352AE0E60}.Release|Any CPU.ActiveCfg = Release|Any CPU
		{6DFD6534-25F2-4B75-A26A-B5C352AE0E60}.Release|Any CPU.Build.0 = Release|Any CPU
		{663A1CB4-82AB-4B74-B6D8-CB9C3034A0D8}.Debug|Any CPU.ActiveCfg = Debug|Any CPU
		{663A1CB4-82AB-4B74-B6D8-CB9C3034A0D8}.Debug|Any CPU.Build.0 = Debug|Any CPU
		{663A1CB4-82AB-4B74-B6D8-CB9C3034A0D8}.Release|Any CPU.ActiveCfg = Release|Any CPU
		{663A1CB4-82AB-4B74-B6D8-CB9C3034A0D8}.Release|Any CPU.Build.0 = Release|Any CPU
		{3A812CEB-B6DE-4383-A072-347254F3065A}.Debug|Any CPU.ActiveCfg = Debug|Any CPU
		{3A812CEB-B6DE-4383-A072-347254F3065A}.Debug|Any CPU.Build.0 = Debug|Any CPU
		{3A812CEB-B6DE-4383-A072-347254F3065A}.Release|Any CPU.ActiveCfg = Release|Any CPU
		{3A812CEB-B6DE-4383-A072-347254F3065A}.Release|Any CPU.Build.0 = Release|Any CPU
		{F3D85DB3-AD71-46C8-B142-577974982E0C}.Debug|Any CPU.ActiveCfg = Debug|Any CPU
		{F3D85DB3-AD71-46C8-B142-577974982E0C}.Debug|Any CPU.Build.0 = Debug|Any CPU
		{F3D85DB3-AD71-46C8-B142-577974982E0C}.Release|Any CPU.ActiveCfg = Release|Any CPU
		{F3D85DB3-AD71-46C8-B142-577974982E0C}.Release|Any CPU.Build.0 = Release|Any CPU
		{94FF0BC8-4BC0-4B7A-B8CB-83DB501062DE}.Debug|Any CPU.ActiveCfg = Debug|Any CPU
		{94FF0BC8-4BC0-4B7A-B8CB-83DB501062DE}.Debug|Any CPU.Build.0 = Debug|Any CPU
		{94FF0BC8-4BC0-4B7A-B8CB-83DB501062DE}.Release|Any CPU.ActiveCfg = Release|Any CPU
		{94FF0BC8-4BC0-4B7A-B8CB-83DB501062DE}.Release|Any CPU.Build.0 = Release|Any CPU
		{46A5FC14-ABCE-446A-83B5-A6D846DB621C}.Debug|Any CPU.ActiveCfg = Debug|Any CPU
		{46A5FC14-ABCE-446A-83B5-A6D846DB621C}.Debug|Any CPU.Build.0 = Debug|Any CPU
		{46A5FC14-ABCE-446A-83B5-A6D846DB621C}.Release|Any CPU.ActiveCfg = Release|Any CPU
		{46A5FC14-ABCE-446A-83B5-A6D846DB621C}.Release|Any CPU.Build.0 = Release|Any CPU
		{1E8252CC-9C2D-4AD8-AFBF-BF08E590C103}.Debug|Any CPU.ActiveCfg = Debug|Any CPU
		{1E8252CC-9C2D-4AD8-AFBF-BF08E590C103}.Debug|Any CPU.Build.0 = Debug|Any CPU
		{1E8252CC-9C2D-4AD8-AFBF-BF08E590C103}.Release|Any CPU.ActiveCfg = Release|Any CPU
		{1E8252CC-9C2D-4AD8-AFBF-BF08E590C103}.Release|Any CPU.Build.0 = Release|Any CPU
		{53F2109D-295D-4012-B845-EC6B9E8956A2}.Debug|Any CPU.ActiveCfg = Debug|Any CPU
		{53F2109D-295D-4012-B845-EC6B9E8956A2}.Debug|Any CPU.Build.0 = Debug|Any CPU
		{53F2109D-295D-4012-B845-EC6B9E8956A2}.Release|Any CPU.ActiveCfg = Release|Any CPU
		{53F2109D-295D-4012-B845-EC6B9E8956A2}.Release|Any CPU.Build.0 = Release|Any CPU
		{4591C1D4-E294-471F-96B1-5223809C440E}.Debug|Any CPU.ActiveCfg = Debug|Any CPU
		{4591C1D4-E294-471F-96B1-5223809C440E}.Debug|Any CPU.Build.0 = Debug|Any CPU
		{4591C1D4-E294-471F-96B1-5223809C440E}.Release|Any CPU.ActiveCfg = Release|Any CPU
		{4591C1D4-E294-471F-96B1-5223809C440E}.Release|Any CPU.Build.0 = Release|Any CPU
		{E6645ABF-86F2-4FC0-94E0-B4CAC6F964B1}.Debug|Any CPU.ActiveCfg = Debug|Any CPU
		{E6645ABF-86F2-4FC0-94E0-B4CAC6F964B1}.Debug|Any CPU.Build.0 = Debug|Any CPU
		{E6645ABF-86F2-4FC0-94E0-B4CAC6F964B1}.Release|Any CPU.ActiveCfg = Release|Any CPU
		{E6645ABF-86F2-4FC0-94E0-B4CAC6F964B1}.Release|Any CPU.Build.0 = Release|Any CPU
		{F449014F-41DE-448A-B9CF-47021CF035E1}.Debug|Any CPU.ActiveCfg = Debug|Any CPU
		{F449014F-41DE-448A-B9CF-47021CF035E1}.Debug|Any CPU.Build.0 = Debug|Any CPU
		{F449014F-41DE-448A-B9CF-47021CF035E1}.Release|Any CPU.ActiveCfg = Release|Any CPU
		{F449014F-41DE-448A-B9CF-47021CF035E1}.Release|Any CPU.Build.0 = Release|Any CPU
		{B58CACA1-74BD-44C8-8E4F-5FA32E0E791B}.Debug|Any CPU.ActiveCfg = Debug|Any CPU
		{B58CACA1-74BD-44C8-8E4F-5FA32E0E791B}.Debug|Any CPU.Build.0 = Debug|Any CPU
		{B58CACA1-74BD-44C8-8E4F-5FA32E0E791B}.Release|Any CPU.ActiveCfg = Release|Any CPU
		{B58CACA1-74BD-44C8-8E4F-5FA32E0E791B}.Release|Any CPU.Build.0 = Release|Any CPU
		{C5540C50-D6F2-45C8-81C8-36AAC6D84E5B}.Debug|Any CPU.ActiveCfg = Debug|Any CPU
		{C5540C50-D6F2-45C8-81C8-36AAC6D84E5B}.Debug|Any CPU.Build.0 = Debug|Any CPU
		{C5540C50-D6F2-45C8-81C8-36AAC6D84E5B}.Release|Any CPU.ActiveCfg = Release|Any CPU
		{C5540C50-D6F2-45C8-81C8-36AAC6D84E5B}.Release|Any CPU.Build.0 = Release|Any CPU
	EndGlobalSection
	GlobalSection(SolutionProperties) = preSolution
		HideSolutionNode = FALSE
	EndGlobalSection
	GlobalSection(ExtensibilityGlobals) = postSolution
		SolutionGuid = {D90D6430-B6A3-4FED-A313-04392A72B3D5}
	EndGlobalSection
EndGlobal
